// !$*UTF8*$!
{
	archiveVersion = 1;
	classes = {
	};
	objectVersion = 77;
	objects = {

/* Begin PBXBuildFile section */
		033DBC7FBD8800522746FCF1 /* Pods_TechRefPro.framework in Frameworks */ = {isa = PBXBuildFile; fileRef = 8328C8090F849FD8A925CAAD /* Pods_TechRefPro.framework */; };
/* End PBXBuildFile section */

/* Begin PBXFileReference section */
		27E032BF9B73E9047942361A /* Pods-TechRefPro.release.xcconfig */ = {isa = PBXFileReference; includeInIndex = 1; lastKnownFileType = text.xcconfig; name = "Pods-TechRefPro.release.xcconfig"; path = "Target Support Files/Pods-TechRefPro/Pods-TechRefPro.release.xcconfig"; sourceTree = "<group>"; };
		383C0CC72FDE81EE00CF0EEC /* TechRefPro.app */ = {isa = PBXFileReference; explicitFileType = wrapper.application; includeInIndex = 0; path = TechRefPro.app; sourceTree = BUILT_PRODUCTS_DIR; };
		8328C8090F849FD8A925CAAD /* Pods_TechRefPro.framework */ = {isa = PBXFileReference; explicitFileType = wrapper.framework; includeInIndex = 0; path = Pods_TechRefPro.framework; sourceTree = BUILT_PRODUCTS_DIR; };
		B6D9AA495EC619B807004B56 /* Pods-TechRefPro.debug.xcconfig */ = {isa = PBXFileReference; includeInIndex = 1; lastKnownFileType = text.xcconfig; name = "Pods-TechRefPro.debug.xcconfig"; path = "Target Support Files/Pods-TechRefPro/Pods-TechRefPro.debug.xcconfig"; sourceTree = "<group>"; };
/* End PBXFileReference section */

/* Begin PBXFileSystemSynchronizedBuildFileExceptionSet section */
		383C0CD92FDE81F000CF0EEC /* Exceptions for "TechRefPro" folder in "TechRefPro" target */ = {
			isa = PBXFileSystemSynchronizedBuildFileExceptionSet;
			membershipExceptions = (
				Info.plist,
			);
			target = 383C0CC62FDE81EE00CF0EEC /* TechRefPro */;
		};
/* End PBXFileSystemSynchronizedBuildFileExceptionSet section */

/* Begin PBXFileSystemSynchronizedRootGroup section */
		383C0CC92FDE81EE00CF0EEC /* TechRefPro */ = {
			isa = PBXFileSystemSynchronizedRootGroup;
			exceptions = (
				383C0CD92FDE81F000CF0EEC /* Exceptions for "TechRefPro" folder in "TechRefPro" target */,
			);
			path = TechRefPro;
			sourceTree = "<group>";
		};
/* End PBXFileSystemSynchronizedRootGroup section */

/* Begin PBXFrameworksBuildPhase section */
		383C0CC42FDE81EE00CF0EEC /* Frameworks */ = {
			isa = PBXFrameworksBuildPhase;
			buildActionMask = 2147483647;
			files = (
				033DBC7FBD8800522746FCF1 /* Pods_TechRefPro.framework in Frameworks */,
			);
			runOnlyForDeploymentPostprocessing = 0;
		};
/* End PBXFrameworksBuildPhase section */

/* Begin PBXGroup section */
		383C0CBE2FDE81EE00CF0EEC = {
			isa = PBXGroup;
			children = (
				383C0CC92FDE81EE00CF0EEC /* TechRefPro */,
				383C0CC82FDE81EE00CF0EEC /* Products */,
				A619549DA060460BDFBE0668 /* Pods */,
				6586D51724A5D692F3F25492 /* Frameworks */,
			);
			sourceTree = "<group>";
		};
		383C0CC82FDE81EE00CF0EEC /* Products */ = {
			isa = PBXGroup;
			children = (
				383C0CC72FDE81EE00CF0EEC /* TechRefPro.app */,
			);
			name = Products;
			sourceTree = "<group>";
		};
		6586D51724A5D692F3F25492 /* Frameworks */ = {
			isa = PBXGroup;
			children = (
				8328C8090F849FD8A925CAAD /* Pods_TechRefPro.framework */,
			);
			name = Frameworks;
			sourceTree = "<group>";
		};
		A619549DA060460BDFBE0668 /* Pods */ = {
			isa = PBXGroup;
			children = (
				B6D9AA495EC619B807004B56 /* Pods-TechRefPro.debug.xcconfig */,
				27E032BF9B73E9047942361A /* Pods-TechRefPro.release.xcconfig */,
			);
			path = Pods;
			sourceTree = "<group>";
		};
/* End PBXGroup section */

/* Begin PBXNativeTarget section */
		383C0CC62FDE81EE00CF0EEC /* TechRefPro */ = {
			isa = PBXNativeTarget;
			buildConfigurationList = 383C0CDA2FDE81F000CF0EEC /* Build configuration list for PBXNativeTarget "TechRefPro" */;
			buildPhases = (
				97CD36FAD213BB792B3DCCAF /* [CP] Check Pods Manifest.lock */,
				383C0CC32FDE81EE00CF0EEC /* Sources */,
				383C0CC42FDE81EE00CF0EEC /* Frameworks */,
				383C0CC52FDE81EE00CF0EEC /* Resources */,
			);
			buildRules = (
			);
			dependencies = (
			);
			fileSystemSynchronizedGroups = (
				383C0CC92FDE81EE00CF0EEC /* TechRefPro */,
			);
			name = TechRefPro;
			productName = TechRefPro;
			productReference = 383C0CC72FDE81EE00CF0EEC /* TechRefPro.app */;
			productType = "com.apple.product-type.application";
		};
/* End PBXNativeTarget section */

/* Begin PBXProject section */
		383C0CBF2FDE81EE00CF0EEC /* Project object */ = {
			isa = PBXProject;
			attributes = {
				BuildIndependentTargetsInParallel = 1;
				LastSwiftUpdateCheck = 2630;
				LastUpgradeCheck = 2630;
				TargetAttributes = {
					383C0CC62FDE81EE00CF0EEC = {
						CreatedOnToolsVersion = 26.3;
					};
				};
			};
			buildConfigurationList = 383C0CC22FDE81EE00CF0EEC /* Build configuration list for PBXProject "TechRefPro" */;
			developmentRegion = en;
			hasScannedForEncodings = 0;
			knownRegions = (
				en,
				Base,
			);
			mainGroup = 383C0CBE2FDE81EE00CF0EEC;
			minimizedProjectReferenceProxies = 1;
			preferredProjectObjectVersion = 77;
			productRefGroup = 383C0CC82FDE81EE00CF0EEC /* Products */;
			projectDirPath = "";
			projectRoot = "";
			targets = (
				383C0CC62FDE81EE00CF0EEC /* TechRefPro */,
			);
		};
/* End PBXProject section */

/* Begin PBXResourcesBuildPhase section */
		383C0CC52FDE81EE00CF0EEC /* Resources */ = {
			isa = PBXResourcesBuildPhase;
			buildActionMask = 2147483647;
			files = (
			);
			runOnlyForDeploymentPostprocessing = 0;
		};
/* End PBXResourcesBuildPhase section */

/* Begin PBXShellScriptBuildPhase section */
		97CD36FAD213BB792B3DCCAF /* [CP] Check Pods Manifest.lock */ = {
			isa = PBXShellScriptBuildPhase;
			buildActionMask = 2147483647;
			files = (
			);
			inputFileListPaths = (
			);
			inputPaths = (
				"${PODS_PODFILE_DIR_PATH}/Podfile.lock",
				"${PODS_ROOT}/Manifest.lock",
			);
			name = "[CP] Check Pods Manifest.lock";
			outputFileListPaths = (
			);
			outputPaths = (
				"$(DERIVED_FILE_DIR)/Pods-TechRefPro-checkManifestLockResult.txt",
			);
			runOnlyForDeploymentPostprocessing = 0;
			shellPath = /bin/sh;
			shellScript = "diff \"${PODS_PODFILE_DIR_PATH}/Podfile.lock\" \"${PODS_ROOT}/Manifest.lock\" > /dev/null\nif [ $? != 0 ] ; then\n    # print error to STDERR\n    echo \"error: The sandbox is not in sync with the Podfile.lock. Run 'pod install' or update your CocoaPods installation.\" >&2\n    exit 1\nfi\n# This output is used by Xcode 'outputs' to avoid re-running this script phase.\necho \"SUCCESS\" > \"${SCRIPT_OUTPUT_FILE_0}\"\n";
			showEnvVarsInLog = 0;
		};
/* End PBXShellScriptBuildPhase section */

/* Begin PBXSourcesBuildPhase section */
		383C0CC32FDE81EE00CF0EEC /* Sources */ = {
			isa = PBXSourcesBuildPhase;
			buildActionMask = 2147483647;
			files = (
			);
			runOnlyForDeploymentPostprocessing = 0;
		};
/* End PBXSourcesBuildPhase section */

/* Begin XCBuildConfiguration section */
		383C0CDB2FDE81F000CF0EEC /* Debug */ = {
			isa = XCBuildConfiguration;
			baseConfigurationReference = B6D9AA495EC619B807004B56 /* Pods-TechRefPro.debug.xcconfig */;
			buildSettings = {
				ASSETCATALOG_COMPILER_APPICON_NAME = AppIcon;
				ASSETCATALOG_COMPILER_GLOBAL_ACCENT_COLOR_NAME = AccentColor;
				CODE_SIGN_STYLE = Manual;
				CURRENT_PROJECT_VERSION = 1;
				DEVELOPMENT_TEAM = "";
				GENERATE_INFOPLIST_FILE = YES;
				INFOPLIST_FILE = TechRefPro/Info.plist;
				INFOPLIST_KEY_CFBundleDisplayName = "Tech Ref Pro";
				INFOPLIST_KEY_UIApplicationSupportsIndirectInputEvents = YES;
				INFOPLIST_KEY_UILaunchStoryboardName = LaunchScreen;
				INFOPLIST_KEY_UISupportedInterfaceOrientations = UIInterfaceOrientationPortrait;
				INFOPLIST_KEY_UISupportedInterfaceOrientations_iPhone = UIInterfaceOrientationPortrait;
				INFOPLIST_KEY_UIUserInterfaceStyle = Dark;
				LD_RUNPATH_SEARCH_PATHS = (
					"$(inherited)",
					"@executable_path/Frameworks",
				);
				MARKETING_VERSION = 1.0;
				PRODUCT_BUNDLE_IDENTIFIER = com.TechRefPro;
				PRODUCT_NAME = "$(TARGET_NAME)";
				PROVISIONING_PROFILE_SPECIFIER = "";
				SUPPORTED_PLATFORMS = "iphoneos iphonesimulator";
				SUPPORTS_MACCATALYST = NO;
				SUPPORTS_MAC_DESIGNED_FOR_IPHONE_IPAD = NO;
				SUPPORTS_XR_DESIGNED_FOR_IPHONE_IPAD = NO;
				SWIFT_VERSION = 5.0;
				TARGETED_DEVICE_FAMILY = 1;
			};
			name = Debug;
		};
		383C0CDC2FDE81F000CF0EEC /* Release */ = {
			isa = XCBuildConfiguration;
			baseConfigurationReference = 27E032BF9B73E9047942361A /* Pods-TechRefPro.release.xcconfig */;
			buildSettings = {
				ASSETCATALOG_COMPILER_APPICON_NAME = AppIcon;
				ASSETCATALOG_COMPILER_GLOBAL_ACCENT_COLOR_NAME = AccentColor;
				CODE_SIGN_STYLE = Automatic;
				CURRENT_PROJECT_VERSION = 1;
				DEVELOPMENT_TEAM = 6Z6UUBG7Q5;
				GENERATE_INFOPLIST_FILE = YES;
				INFOPLIST_FILE = TechRefPro/Info.plist;
				INFOPLIST_KEY_CFBundleDisplayName = "Tech Ref Pro";
				INFOPLIST_KEY_UIApplicationSupportsIndirectInputEvents = YES;
				INFOPLIST_KEY_UILaunchStoryboardName = LaunchScreen;
				INFOPLIST_KEY_UISupportedInterfaceOrientations = UIInterfaceOrientationPortrait;
				INFOPLIST_KEY_UISupportedInterfaceOrientations_iPhone = UIInterfaceOrientationPortrait;
				INFOPLIST_KEY_UIUserInterfaceStyle = Dark;
				LD_RUNPATH_SEARCH_PATHS = (
					"$(inherited)",
					"@executable_path/Frameworks",
				);
				MARKETING_VERSION = 1.0;
				PRODUCT_BUNDLE_IDENTIFIER = com.TechRefPro;
				PRODUCT_NAME = "$(TARGET_NAME)";
				SUPPORTED_PLATFORMS = "iphoneos iphonesimulator";
				SUPPORTS_MACCATALYST = NO;
				SUPPORTS_MAC_DESIGNED_FOR_IPHONE_IPAD = NO;
				SUPPORTS_XR_DESIGNED_FOR_IPHONE_IPAD = NO;
				SWIFT_VERSION = 5.0;
				TARGETED_DEVICE_FAMILY = 1;
			};
			name = Release;
		};
		383C0CDD2FDE81F000CF0EEC /* Debug */ = {
			isa = XCBuildConfiguration;
			buildSettings = {
				ALWAYS_SEARCH_USER_PATHS = NO;
				CLANG_ANALYZER_NONNULL = YES;
				CLANG_ANALYZER_NUMBER_OBJECT_CONVERSION = YES_AGGRESSIVE;
				CLANG_CXX_LANGUAGE_STANDARD = "gnu++20";
				CLANG_ENABLE_MODULES = YES;
				CLANG_ENABLE_OBJC_ARC = YES;
				CLANG_ENABLE_OBJC_WEAK = YES;
				CLANG_WARN_BOOL_CONVERSION = YES;
				CLANG_WARN_CONSTANT_CONVERSION = YES;
				CLANG_WARN_EMPTY_BODY = YES;
				CLANG_WARN_ENUM_CONVERSION = YES;
				CLANG_WARN_INFINITE_RECURSION = YES;
				CLANG_WARN_INT_CONVERSION = YES;
				CLANG_WARN_UNREACHABLE_CODE = YES;
				COPY_PHASE_STRIP = NO;
				DEBUG_INFORMATION_FORMAT = dwarf;
				ENABLE_STRICT_OBJC_MSGSEND = YES;
				ENABLE_TESTABILITY = YES;
				ENABLE_USER_SCRIPT_SANDBOXING = YES;
				GCC_C_LANGUAGE_STANDARD = gnu17;
				GCC_DYNAMIC_NO_PIC = NO;
				GCC_NO_COMMON_BLOCKS = YES;
				GCC_OPTIMIZATION_LEVEL = 0;
				GCC_PREPROCESSOR_DEFINITIONS = (
					"DEBUG=1",
					"$(inherited)",
				);
				GCC_WARN_ABOUT_RETURN_TYPE = YES_ERROR;
				GCC_WARN_UNINITIALIZED_AUTOS = YES_AGGRESSIVE;
				GCC_WARN_UNUSED_FUNCTION = YES;
				GCC_WARN_UNUSED_VARIABLE = YES;
				IPHONEOS_DEPLOYMENT_TARGET = 14.0;
				MTL_ENABLE_DEBUG_INFO = INCLUDE_SOURCE;
				MTL_FAST_MATH = YES;
				ONLY_ACTIVE_ARCH = YES;
				SDKROOT = iphoneos;
				SWIFT_ACTIVE_COMPILATION_CONDITIONS = "DEBUG $(inherited)";
				SWIFT_OPTIMIZATION_LEVEL = "-Onone";
			};
			name = Debug;
		};
		383C0CDE2FDE81F000CF0EEC /* Release */ = {
			isa = XCBuildConfiguration;
			buildSettings = {
				ALWAYS_SEARCH_USER_PATHS = NO;
				CLANG_ANALYZER_NONNULL = YES;
				CLANG_ANALYZER_NUMBER_OBJECT_CONVERSION = YES_AGGRESSIVE;
				CLANG_CXX_LANGUAGE_STANDARD = "gnu++20";
				CLANG_ENABLE_MODULES = YES;
				CLANG_ENABLE_OBJC_ARC = YES;
				CLANG_ENABLE_OBJC_WEAK = YES;
				CLANG_WARN_BOOL_CONVERSION = YES;
				CLANG_WARN_CONSTANT_CONVERSION = YES;
				CLANG_WARN_EMPTY_BODY = YES;
				CLANG_WARN_ENUM_CONVERSION = YES;
				CLANG_WARN_INFINITE_RECURSION = YES;
				CLANG_WARN_INT_CONVERSION = YES;
				CLANG_WARN_UNREACHABLE_CODE = YES;
				COPY_PHASE_STRIP = NO;
				DEBUG_INFORMATION_FORMAT = "dwarf-with-dsym";
				ENABLE_NS_ASSERTIONS = NO;
				ENABLE_STRICT_OBJC_MSGSEND = YES;
				ENABLE_USER_SCRIPT_SANDBOXING = YES;
				GCC_C_LANGUAGE_STANDARD = gnu17;
				GCC_NO_COMMON_BLOCKS = YES;
				GCC_WARN_ABOUT_RETURN_TYPE = YES_ERROR;
				GCC_WARN_UNINITIALIZED_AUTOS = YES_AGGRESSIVE;
				GCC_WARN_UNUSED_FUNCTION = YES;
				GCC_WARN_UNUSED_VARIABLE = YES;
				IPHONEOS_DEPLOYMENT_TARGET = 14.0;
				MTL_ENABLE_DEBUG_INFO = NO;
				MTL_FAST_MATH = YES;
				SDKROOT = iphoneos;
				SWIFT_COMPILATION_MODE = wholemodule;
				VALIDATE_PRODUCT = YES;
			};
			name = Release;
		};
/* End XCBuildConfiguration section */

/* Begin XCConfigurationList section */
		383C0CC22FDE81EE00CF0EEC /* Build configuration list for PBXProject "TechRefPro" */ = {
			isa = XCConfigurationList;
			buildConfigurations = (
				383C0CDD2FDE81F000CF0EEC /* Debug */,
				383C0CDE2FDE81F000CF0EEC /* Release */,
			);
			defaultConfigurationIsVisible = 0;
			defaultConfigurationName = Release;
		};
		383C0CDA2FDE81F000CF0EEC /* Build configuration list for PBXNativeTarget "TechRefPro" */ = {
			isa = XCConfigurationList;
			buildConfigurations = (
				383C0CDB2FDE81F000CF0EEC /* Debug */,
				383C0CDC2FDE81F000CF0EEC /* Release */,
			);
			defaultConfigurationIsVisible = 0;
			defaultConfigurationName = Release;
		};
/* End XCConfigurationList section */
	};
	rootObject = 383C0CBF2FDE81EE00CF0EEC /* Project object */;
}
